
Microsoft Visual Studio Solution File, Format Version 12.00
# Visual Studio Version 16
VisualStudioVersion = 16.0.31702.278
MinimumVisualStudioVersion = 10.0.40219.1
Project("{FAE04EC0-301F-11D3-BF4B-00C04F79EFBC}") = "Practice.CSharp.EmployeeRegister", "Practice.CSharp.EmployeeRegister\Practice.CSharp.EmployeeRegister.csproj", "{559DA989-DD58-4E04-B293-2FFAC1F2B997}"
EndProject
Global
	GlobalSection(SolutionConfigurationPlatforms) = preSolution
		Debug|Any CPU = Debug|Any CPU
		Release|Any CPU = Release|Any CPU
	EndGlobalSection
	GlobalSection(ProjectConfigurationPlatforms) = postSolution
		{559DA989-DD58-4E04-B293-2FFAC1F2B997}.Debug|Any CPU.ActiveCfg = Debug|Any CPU
		{559DA989-DD58-4E04-B293-2FFAC1F2B997}.Debug|Any CPU.Build.0 = Debug|Any CPU
		{559DA989-DD58-4E04-B293-2FFAC1F2B997}.Release|Any CPU.ActiveCfg = Release|Any CPU
		{559DA989-DD58-4E04-B293-2FFAC1F2B997}.Release|Any CPU.Build.0 = Release|Any CPU
	EndGlobalSection
	GlobalSection(SolutionProperties) = preSolution
		HideSolutionNode = FALSE
	EndGlobalSection
	GlobalSection(ExtensibilityGlobals) = postSolution
		SolutionGuid = {5A44D69D-4F90-4408-9CFE-6F2C1642ABC2}
	EndGlobalSection
EndGlobal
